{
    "name": "jsgui3-gfx-core",
    "lockfileVersion": 3,
    "requires": true,
    "packages": {
        "": {
            "dependencies": {
                "lang-mini": "^0.0.29",
                "obext": "^0.0.24"
            }
        },
        "node_modules/lang-mini": {
            "version": "0.0.29",
            "resolved": "https://registry.npmjs.org/lang-mini/-/lang-mini-0.0.29.tgz",
            "integrity": "sha512-VnSyD+1t9cEJj6hWSGZ8PxwH7MsQBmcdUCRpfDNAlQ4AINaOtcxf+Pq4YtDEfi7/NAo7YJIe9NRLUeBkIx5u2w==",
            "engines": {
                "node": ">=15.0.0"
            }
        },
        "node_modules/obext": {
            "version": "0.0.24",
            "resolved": "https://registry.npmjs.org/obext/-/obext-0.0.24.tgz",
            "integrity": "sha512-GqSIsiXd2byJJXldKBHVKh0z08+gMWqyQ9c1F9uTtgyKKeskol59+jD7DFModQPQyRNXybYftKTRBRPNpA7+lw==",
            "dependencies": {
                "lang-mini": "^0.0.26"
            },
            "engines": {
                "node": ">=12.0.0"
            }
        },
        "node_modules/obext/node_modules/lang-mini": {
            "version": "0.0.26",
            "resolved": "https://registry.npmjs.org/lang-mini/-/lang-mini-0.0.26.tgz",
            "integrity": "sha512-Cig5FucYynNYHS24iJEHsFEwzmPAvmetMvFxQkYkFuuhFnf5OHNCHSdfd+lPITSKyjNMDQMDhyigegWwbs1+fg==",
            "engines": {
                "node": ">=9.0.0"
            }
        }
    }
}
